<?xml version="1.0" encoding="utf-8"?>
<Project ToolsVersion="4.0" xmlns="http://schemas.microsoft.com/developer/msbuild/2003">
  <ItemGroup>
    <Filter Include="DSoundCtrl">
      <UniqueIdentifier>{f07d4373-1b9a-4464-a239-c9bae002d95b}</UniqueIdentifier>
    </Filter>
    <Filter Include="DDrawCompat">
      <UniqueIdentifier>{bf6f3d22-aab2-413e-af84-ee52035f125f}</UniqueIdentifier>
    </Filter>
    <Filter Include="DxWnd">
      <UniqueIdentifier>{e266cd78-1c44-4ae4-83ae-9a0b7b6a3d53}</UniqueIdentifier>
    </Filter>
    <Filter Include="Disasm">
      <UniqueIdentifier>{2768b966-6a71-4031-9b49-a1b7dec51afb}</UniqueIdentifier>
    </Filter>
    <Filter Include="Libraries">
      <UniqueIdentifier>{9fc26822-b540-4070-82bc-320a8ccaec4c}</UniqueIdentifier>
    </Filter>
    <Filter Include="Wrappers">
      <UniqueIdentifier>{75433a20-7313-4d29-9e1c-1b75db6897cb}</UniqueIdentifier>
    </Filter>
    <Filter Include="Utils">
      <UniqueIdentifier>{a23457e0-30fc-48cc-a984-26f316b4cadf}</UniqueIdentifier>
    </Filter>
    <Filter Include="Dllmain">
      <UniqueIdentifier>{5bc09532-6862-4403-bce5-01b767e1a0a3}</UniqueIdentifier>
      <Extensions>cpp;c;cxx;def;r;odl;idl;hpj;bat</Extensions>
    </Filter>
    <Filter Include="Settings">
      <UniqueIdentifier>{c1f95f1f-7745-47bd-9ffd-67b4c20d1eb2}</UniqueIdentifier>
    </Filter>
    <Filter Include="Logging">
      <UniqueIdentifier>{83902b61-6ee7-42ec-9601-3e16804fcd18}</UniqueIdentifier>
    </Filter>
    <Filter Include="Hooking">
      <UniqueIdentifier>{dd986a8a-7ff1-403f-8a75-794ded77510d}</UniqueIdentifier>
    </Filter>
    <Filter Include="ddraw">
      <UniqueIdentifier>{bfe7d7d5-d3af-4ef3-a6a1-3e3fc5e8ce4a}</UniqueIdentifier>
    </Filter>
    <Filter Include="d3d9">
      <UniqueIdentifier>{c922409a-b895-4ab0-a6e9-36287ac4f350}</UniqueIdentifier>
    </Filter>
    <Filter Include="DDrawCompat\v0.2.1">
      <UniqueIdentifier>{db47e2f1-c9a2-411e-83fa-7888281db72b}</UniqueIdentifier>
    </Filter>
    <Filter Include="DDrawCompat\v0.2.0b">
      <UniqueIdentifier>{bc571ee9-1289-4d58-986c-d0206ec8997a}</UniqueIdentifier>
    </Filter>
    <Filter Include="DxWnd\v2_03_60_src">
      <UniqueIdentifier>{8e05201f-e493-4a94-b533-2b60fb0aba68}</UniqueIdentifier>
    </Filter>
    <Filter Include="DDrawCompat\Experimental">
      <UniqueIdentifier>{3f9336b1-c808-471a-a31f-810a9e1ef9ee}</UniqueIdentifier>
    </Filter>
    <Filter Include="ddraw\Versions">
      <UniqueIdentifier>{f484f6f8-618e-41ab-9fe4-6034ff843072}</UniqueIdentifier>
    </Filter>
    <Filter Include="External">
      <UniqueIdentifier>{ab08fa70-8ead-42f9-aaec-e1b6bfae77f3}</UniqueIdentifier>
    </Filter>
    <Filter Include="External\d3d8to9">
      <UniqueIdentifier>{d3ef980f-69d1-43d8-ab8e-00771a620729}</UniqueIdentifier>
    </Filter>
  </ItemGroup>
  <ItemGroup>
    <ClCompile Include="DSoundCtrl\DSoundCtrl.cpp">
      <Filter>DSoundCtrl</Filter>
    </ClCompile>
    <ClCompile Include="DSoundCtrl\IDirectSound3DBufferEx.cpp">
      <Filter>DSoundCtrl</Filter>
    </ClCompile>
    <ClCompile Include="DSoundCtrl\IDirectSound3DListenerEx.cpp">
      <Filter>DSoundCtrl</Filter>
    </ClCompile>
    <ClCompile Include="DSoundCtrl\IDirectSoundBufferEx.cpp">
      <Filter>DSoundCtrl</Filter>
    </ClCompile>
    <ClCompile Include="DSoundCtrl\IDirectSoundClassFactoryEx.cpp">
      <Filter>DSoundCtrl</Filter>
    </ClCompile>
    <ClCompile Include="DSoundCtrl\IDirectSoundEx.cpp">
      <Filter>DSoundCtrl</Filter>
    </ClCompile>
    <ClCompile Include="libraries\dwmapi.cpp">
      <Filter>Libraries</Filter>
    </ClCompile>
    <ClCompile Include="libraries\uxtheme.cpp">
      <Filter>Libraries</Filter>
    </ClCompile>
    <ClCompile Include="libraries\winmm.cpp">
      <Filter>Libraries</Filter>
    </ClCompile>
    <ClCompile Include="Disasm\cmdlist.c">
      <Filter>Disasm</Filter>
    </ClCompile>
    <ClCompile Include="Disasm\Disasm.c">
      <Filter>Disasm</Filter>
    </ClCompile>
    <ClCompile Include="Dllmain\Dllmain.cpp">
      <Filter>Dllmain</Filter>
    </ClCompile>
    <ClCompile Include="Utils\Utils.cpp">
      <Filter>Utils</Filter>
    </ClCompile>
    <ClCompile Include="Settings\Settings.cpp">
      <Filter>Settings</Filter>
    </ClCompile>
    <ClCompile Include="Libraries\d3dx9.cpp">
      <Filter>Libraries</Filter>
    </ClCompile>
    <ClCompile Include="Logging\Logging.cpp">
      <Filter>Logging</Filter>
    </ClCompile>
    <ClCompile Include="Hooking\HotPatch.cpp">
      <Filter>Hooking</Filter>
    </ClCompile>
    <ClCompile Include="Hooking\IATPatch.cpp">
      <Filter>Hooking</Filter>
    </ClCompile>
    <ClCompile Include="Hooking\Hook.cpp">
      <Filter>Hooking</Filter>
    </ClCompile>
    <ClCompile Include="Utils\WriteMemory.cpp">
      <Filter>Utils</Filter>
    </ClCompile>
    <ClCompile Include="Utils\Fullscreen.cpp">
      <Filter>Utils</Filter>
    </ClCompile>
    <ClCompile Include="Wrappers\wrapper.cpp">
      <Filter>Wrappers</Filter>
    </ClCompile>
    <ClCompile Include="Settings\ReadParse.cpp">
      <Filter>Settings</Filter>
    </ClCompile>
    <ClCompile Include="ddraw\ddraw.cpp">
      <Filter>ddraw</Filter>
    </ClCompile>
    <ClCompile Include="ddraw\IDirect3DExecuteBuffer.cpp">
      <Filter>ddraw</Filter>
    </ClCompile>
    <ClCompile Include="ddraw\IDirect3DLight.cpp">
      <Filter>ddraw</Filter>
    </ClCompile>
    <ClCompile Include="ddraw\IDirectDrawClipper.cpp">
      <Filter>ddraw</Filter>
    </ClCompile>
    <ClCompile Include="ddraw\IDirectDrawColorControl.cpp">
      <Filter>ddraw</Filter>
    </ClCompile>
    <ClCompile Include="ddraw\IDirectDrawFactory.cpp">
      <Filter>ddraw</Filter>
    </ClCompile>
    <ClCompile Include="ddraw\IDirectDrawGammaControl.cpp">
      <Filter>ddraw</Filter>
    </ClCompile>
    <ClCompile Include="ddraw\IDirectDrawPalette.cpp">
      <Filter>ddraw</Filter>
    </ClCompile>
    <ClCompile Include="ddraw\InterfaceQuery.cpp">
      <Filter>ddraw</Filter>
    </ClCompile>
    <ClCompile Include="d3d9\d3d9.cpp">
      <Filter>d3d9</Filter>
    </ClCompile>
    <ClCompile Include="d3d9\IDirect3D9.cpp">
      <Filter>d3d9</Filter>
    </ClCompile>
    <ClCompile Include="d3d9\IDirect3D9Ex.cpp">
      <Filter>d3d9</Filter>
    </ClCompile>
    <ClCompile Include="d3d9\IDirect3DCubeTexture9.cpp">
      <Filter>d3d9</Filter>
    </ClCompile>
    <ClCompile Include="d3d9\IDirect3DDevice9.cpp">
      <Filter>d3d9</Filter>
    </ClCompile>
    <ClCompile Include="d3d9\IDirect3DDevice9Ex.cpp">
      <Filter>d3d9</Filter>
    </ClCompile>
    <ClCompile Include="d3d9\IDirect3DIndexBuffer9.cpp">
      <Filter>d3d9</Filter>
    </ClCompile>
    <ClCompile Include="d3d9\IDirect3DPixelShader9.cpp">
      <Filter>d3d9</Filter>
    </ClCompile>
    <ClCompile Include="d3d9\IDirect3DQuery9.cpp">
      <Filter>d3d9</Filter>
    </ClCompile>
    <ClCompile Include="d3d9\IDirect3DStateBlock9.cpp">
      <Filter>d3d9</Filter>
    </ClCompile>
    <ClCompile Include="d3d9\IDirect3DSurface9.cpp">
      <Filter>d3d9</Filter>
    </ClCompile>
    <ClCompile Include="d3d9\IDirect3DSwapChain9.cpp">
      <Filter>d3d9</Filter>
    </ClCompile>
    <ClCompile Include="d3d9\IDirect3DTexture9.cpp">
      <Filter>d3d9</Filter>
    </ClCompile>
    <ClCompile Include="d3d9\IDirect3DVertexBuffer9.cpp">
      <Filter>d3d9</Filter>
    </ClCompile>
    <ClCompile Include="d3d9\IDirect3DVertexDeclaration9.cpp">
      <Filter>d3d9</Filter>
    </ClCompile>
    <ClCompile Include="d3d9\IDirect3DVertexShader9.cpp">
      <Filter>d3d9</Filter>
    </ClCompile>
    <ClCompile Include="d3d9\IDirect3DVolume9.cpp">
      <Filter>d3d9</Filter>
    </ClCompile>
    <ClCompile Include="d3d9\IDirect3DVolumeTexture9.cpp">
      <Filter>d3d9</Filter>
    </ClCompile>
    <ClCompile Include="DDrawCompat\DDrawLog.cpp">
      <Filter>DDrawCompat</Filter>
    </ClCompile>
    <ClCompile Include="DxWnd\v2_03_60_src\init.cpp">
      <Filter>DxWnd\v2_03_60_src</Filter>
    </ClCompile>
    <ClCompile Include="DDrawCompat\DDrawCompatExternal.cpp">
      <Filter>DDrawCompat</Filter>
    </ClCompile>
    <ClCompile Include="DDrawCompat\v0.2.1\CompatActivateAppHandler.cpp">
      <Filter>DDrawCompat\v0.2.1</Filter>
    </ClCompile>
    <ClCompile Include="DDrawCompat\v0.2.1\CompatDirectDraw.cpp">
      <Filter>DDrawCompat\v0.2.1</Filter>
    </ClCompile>
    <ClCompile Include="DDrawCompat\v0.2.1\CompatDirectDrawPalette.cpp">
      <Filter>DDrawCompat\v0.2.1</Filter>
    </ClCompile>
    <ClCompile Include="DDrawCompat\v0.2.1\CompatDirectDrawSurface.cpp">
      <Filter>DDrawCompat\v0.2.1</Filter>
    </ClCompile>
    <ClCompile Include="DDrawCompat\v0.2.1\CompatGdi.cpp">
      <Filter>DDrawCompat\v0.2.1</Filter>
    </ClCompile>
    <ClCompile Include="DDrawCompat\v0.2.1\CompatGdiCaret.cpp">
      <Filter>DDrawCompat\v0.2.1</Filter>
    </ClCompile>
    <ClCompile Include="DDrawCompat\v0.2.1\CompatGdiDc.cpp">
      <Filter>DDrawCompat\v0.2.1</Filter>
    </ClCompile>
    <ClCompile Include="DDrawCompat\v0.2.1\CompatGdiDcCache.cpp">
      <Filter>DDrawCompat\v0.2.1</Filter>
    </ClCompile>
    <ClCompile Include="DDrawCompat\v0.2.1\CompatGdiDcFunctions.cpp">
      <Filter>DDrawCompat\v0.2.1</Filter>
    </ClCompile>
    <ClCompile Include="DDrawCompat\v0.2.1\CompatGdiPaintHandlers.cpp">
      <Filter>DDrawCompat\v0.2.1</Filter>
    </ClCompile>
    <ClCompile Include="DDrawCompat\v0.2.1\CompatGdiScrollBar.cpp">
      <Filter>DDrawCompat\v0.2.1</Filter>
    </ClCompile>
    <ClCompile Include="DDrawCompat\v0.2.1\CompatGdiScrollFunctions.cpp">
      <Filter>DDrawCompat\v0.2.1</Filter>
    </ClCompile>
    <ClCompile Include="DDrawCompat\v0.2.1\CompatGdiTitleBar.cpp">
      <Filter>DDrawCompat\v0.2.1</Filter>
    </ClCompile>
    <ClCompile Include="DDrawCompat\v0.2.1\CompatGdiWinProc.cpp">
      <Filter>DDrawCompat\v0.2.1</Filter>
    </ClCompile>
    <ClCompile Include="DDrawCompat\v0.2.1\CompatPaletteConverter.cpp">
      <Filter>DDrawCompat\v0.2.1</Filter>
    </ClCompile>
    <ClCompile Include="DDrawCompat\v0.2.1\CompatPrimarySurface.cpp">
      <Filter>DDrawCompat\v0.2.1</Filter>
    </ClCompile>
    <ClCompile Include="DDrawCompat\v0.2.1\CompatRegistry.cpp">
      <Filter>DDrawCompat\v0.2.1</Filter>
    </ClCompile>
    <ClCompile Include="DDrawCompat\v0.2.1\DDrawProcs.cpp">
      <Filter>DDrawCompat\v0.2.1</Filter>
    </ClCompile>
    <ClCompile Include="DDrawCompat\v0.2.1\DDrawRepository.cpp">
      <Filter>DDrawCompat\v0.2.1</Filter>
    </ClCompile>
    <ClCompile Include="DDrawCompat\v0.2.1\DllMain.cpp">
      <Filter>DDrawCompat\v0.2.1</Filter>
    </ClCompile>
    <ClCompile Include="DDrawCompat\v0.2.1\Hook.cpp">
      <Filter>DDrawCompat\v0.2.1</Filter>
    </ClCompile>
    <ClCompile Include="DDrawCompat\v0.2.1\IReleaseNotifier.cpp">
      <Filter>DDrawCompat\v0.2.1</Filter>
    </ClCompile>
    <ClCompile Include="DDrawCompat\v0.2.1\RealPrimarySurface.cpp">
      <Filter>DDrawCompat\v0.2.1</Filter>
    </ClCompile>
    <ClCompile Include="DDrawCompat\v0.2.1\Time.cpp">
      <Filter>DDrawCompat\v0.2.1</Filter>
    </ClCompile>
    <ClCompile Include="DDrawCompat\v0.2.1\UnmodifiedDDrawProcs.cpp">
      <Filter>DDrawCompat\v0.2.1</Filter>
    </ClCompile>
    <ClCompile Include="DDrawCompat\v0.2.0b\CompatDirectDraw.cpp">
      <Filter>DDrawCompat\v0.2.0b</Filter>
    </ClCompile>
    <ClCompile Include="DDrawCompat\v0.2.0b\CompatDirectDrawPalette.cpp">
      <Filter>DDrawCompat\v0.2.0b</Filter>
    </ClCompile>
    <ClCompile Include="DDrawCompat\v0.2.0b\CompatDirectDrawSurface.cpp">
      <Filter>DDrawCompat\v0.2.0b</Filter>
    </ClCompile>
    <ClCompile Include="DDrawCompat\v0.2.0b\CompatGdi.cpp">
      <Filter>DDrawCompat\v0.2.0b</Filter>
    </ClCompile>
    <ClCompile Include="DDrawCompat\v0.2.0b\CompatGdiCaret.cpp">
      <Filter>DDrawCompat\v0.2.0b</Filter>
    </ClCompile>
    <ClCompile Include="DDrawCompat\v0.2.0b\CompatGdiDc.cpp">
      <Filter>DDrawCompat\v0.2.0b</Filter>
    </ClCompile>
    <ClCompile Include="DDrawCompat\v0.2.0b\CompatGdiDcCache.cpp">
      <Filter>DDrawCompat\v0.2.0b</Filter>
    </ClCompile>
    <ClCompile Include="DDrawCompat\v0.2.0b\CompatGdiFunctions.cpp">
      <Filter>DDrawCompat\v0.2.0b</Filter>
    </ClCompile>
    <ClCompile Include="DDrawCompat\v0.2.0b\CompatGdiWinProc.cpp">
      <Filter>DDrawCompat\v0.2.0b</Filter>
    </ClCompile>
    <ClCompile Include="DDrawCompat\v0.2.0b\CompatPrimarySurface.cpp">
      <Filter>DDrawCompat\v0.2.0b</Filter>
    </ClCompile>
    <ClCompile Include="DDrawCompat\v0.2.0b\CompatVtable.cpp">
      <Filter>DDrawCompat\v0.2.0b</Filter>
    </ClCompile>
    <ClCompile Include="DDrawCompat\v0.2.0b\DDrawProcs.cpp">
      <Filter>DDrawCompat\v0.2.0b</Filter>
    </ClCompile>
    <ClCompile Include="DDrawCompat\v0.2.0b\DllMain.cpp">
      <Filter>DDrawCompat\v0.2.0b</Filter>
    </ClCompile>
    <ClCompile Include="DDrawCompat\v0.2.0b\IReleaseNotifier.cpp">
      <Filter>DDrawCompat\v0.2.0b</Filter>
    </ClCompile>
    <ClCompile Include="DDrawCompat\v0.2.0b\RealPrimarySurface.cpp">
      <Filter>DDrawCompat\v0.2.0b</Filter>
    </ClCompile>
    <ClCompile Include="DDrawCompat\v0.2.0b\UnmodifiedDDrawProcs.cpp">
      <Filter>DDrawCompat\v0.2.0b</Filter>
    </ClCompile>
    <ClCompile Include="DDrawCompat\Experimental\Dll\DllMain.cpp">
      <Filter>DDrawCompat\Experimental</Filter>
    </ClCompile>
    <ClCompile Include="DDrawCompat\Experimental\Dll\UnmodifiedProcs.cpp">
      <Filter>DDrawCompat\Experimental</Filter>
    </ClCompile>
    <ClCompile Include="DDrawCompat\Experimental\Gdi\WinProc.cpp">
      <Filter>DDrawCompat\Experimental</Filter>
    </ClCompile>
    <ClCompile Include="DDrawCompat\Experimental\Gdi\ScrollFunctions.cpp">
      <Filter>DDrawCompat\Experimental</Filter>
    </ClCompile>
    <ClCompile Include="DDrawCompat\Experimental\DDraw\Repository.cpp">
      <Filter>DDrawCompat\Experimental</Filter>
    </ClCompile>
    <ClCompile Include="DDrawCompat\Experimental\Win32\Registry.cpp">
      <Filter>DDrawCompat\Experimental</Filter>
    </ClCompile>
    <ClCompile Include="DDrawCompat\Experimental\Gdi\PaintHandlers.cpp">
      <Filter>DDrawCompat\Experimental</Filter>
    </ClCompile>
    <ClCompile Include="DDrawCompat\Experimental\D3dDdi\Log\KernelModeThunksLog.cpp">
      <Filter>DDrawCompat\Experimental</Filter>
    </ClCompile>
    <ClCompile Include="DDrawCompat\Experimental\D3dDdi\KernelModeThunks.cpp">
      <Filter>DDrawCompat\Experimental</Filter>
    </ClCompile>
    <ClCompile Include="DDrawCompat\Experimental\D3dDdi\Hooks.cpp">
      <Filter>DDrawCompat\Experimental</Filter>
    </ClCompile>
    <ClCompile Include="DDrawCompat\Experimental\Direct3d\Hooks.cpp">
      <Filter>DDrawCompat\Experimental</Filter>
    </ClCompile>
    <ClCompile Include="DDrawCompat\Experimental\DDraw\Hooks.cpp">
      <Filter>DDrawCompat\Experimental</Filter>
    </ClCompile>
    <ClCompile Include="DDrawCompat\Experimental\Common\Hook.cpp">
      <Filter>DDrawCompat\Experimental</Filter>
    </ClCompile>
    <ClCompile Include="DDrawCompat\Experimental\D3dDdi\Log\DeviceFuncsLog.cpp">
      <Filter>DDrawCompat\Experimental</Filter>
    </ClCompile>
    <ClCompile Include="DDrawCompat\Experimental\D3dDdi\Log\DeviceCallbacksLog.cpp">
      <Filter>DDrawCompat\Experimental</Filter>
    </ClCompile>
    <ClCompile Include="DDrawCompat\Experimental\Gdi\DcFunctions.cpp">
      <Filter>DDrawCompat\Experimental</Filter>
    </ClCompile>
    <ClCompile Include="DDrawCompat\Experimental\Gdi\DcCache.cpp">
      <Filter>DDrawCompat\Experimental</Filter>
    </ClCompile>
    <ClCompile Include="DDrawCompat\Experimental\Gdi\Dc.cpp">
      <Filter>DDrawCompat\Experimental</Filter>
    </ClCompile>
    <ClCompile Include="DDrawCompat\Experimental\D3dDdi\Log\AdapterFuncsLog.cpp">
      <Filter>DDrawCompat\Experimental</Filter>
    </ClCompile>
    <ClCompile Include="DDrawCompat\Experimental\DDraw\RealPrimarySurface.cpp">
      <Filter>DDrawCompat\Experimental</Filter>
    </ClCompile>
    <ClCompile Include="DDrawCompat\Experimental\DDraw\DirectDrawPalette.cpp">
      <Filter>DDrawCompat\Experimental</Filter>
    </ClCompile>
    <ClCompile Include="DDrawCompat\Experimental\Common\Time.cpp">
      <Filter>DDrawCompat\Experimental</Filter>
    </ClCompile>
    <ClCompile Include="DDrawCompat\Experimental\Win32\MsgHooks.cpp">
      <Filter>DDrawCompat\Experimental</Filter>
    </ClCompile>
    <ClCompile Include="DDrawCompat\Experimental\Win32\FontSmoothing.cpp">
      <Filter>DDrawCompat\Experimental</Filter>
    </ClCompile>
    <ClCompile Include="DDrawCompat\Experimental\Win32\DisplayMode.cpp">
      <Filter>DDrawCompat\Experimental</Filter>
    </ClCompile>
    <ClCompile Include="DDrawCompat\Experimental\Gdi\TitleBar.cpp">
      <Filter>DDrawCompat\Experimental</Filter>
    </ClCompile>
    <ClCompile Include="DDrawCompat\Experimental\Gdi\ScrollBar.cpp">
      <Filter>DDrawCompat\Experimental</Filter>
    </ClCompile>
    <ClCompile Include="DDrawCompat\Experimental\Gdi\Gdi.cpp">
      <Filter>DDrawCompat\Experimental</Filter>
    </ClCompile>
    <ClCompile Include="DDrawCompat\Experimental\Gdi\Caret.cpp">
      <Filter>DDrawCompat\Experimental</Filter>
    </ClCompile>
    <ClCompile Include="DDrawCompat\Experimental\Dll\Procs.cpp">
      <Filter>DDrawCompat\Experimental</Filter>
    </ClCompile>
    <ClCompile Include="DDrawCompat\Experimental\Direct3d\Direct3dViewport.cpp">
      <Filter>DDrawCompat\Experimental</Filter>
    </ClCompile>
    <ClCompile Include="DDrawCompat\Experimental\Direct3d\Direct3dVertexBuffer.cpp">
      <Filter>DDrawCompat\Experimental</Filter>
    </ClCompile>
    <ClCompile Include="DDrawCompat\Experimental\Direct3d\Direct3dTexture.cpp">
      <Filter>DDrawCompat\Experimental</Filter>
    </ClCompile>
    <ClCompile Include="DDrawCompat\Experimental\Direct3d\Direct3dDevice.cpp">
      <Filter>DDrawCompat\Experimental</Filter>
    </ClCompile>
    <ClCompile Include="DDrawCompat\Experimental\Direct3d\Direct3d.cpp">
      <Filter>DDrawCompat\Experimental</Filter>
    </ClCompile>
    <ClCompile Include="DDrawCompat\Experimental\Direct3d\DepthBuffer.cpp">
      <Filter>DDrawCompat\Experimental</Filter>
    </ClCompile>
    <ClCompile Include="DDrawCompat\Experimental\DDraw\Surfaces\TagSurface.cpp">
      <Filter>DDrawCompat\Experimental</Filter>
    </ClCompile>
    <ClCompile Include="DDrawCompat\Experimental\DDraw\Surfaces\SurfaceImpl.cpp">
      <Filter>DDrawCompat\Experimental</Filter>
    </ClCompile>
    <ClCompile Include="DDrawCompat\Experimental\DDraw\Surfaces\Surface.cpp">
      <Filter>DDrawCompat\Experimental</Filter>
    </ClCompile>
    <ClCompile Include="DDrawCompat\Experimental\DDraw\Surfaces\PrimarySurfaceImpl.cpp">
      <Filter>DDrawCompat\Experimental</Filter>
    </ClCompile>
    <ClCompile Include="DDrawCompat\Experimental\DDraw\Surfaces\PrimarySurface.cpp">
      <Filter>DDrawCompat\Experimental</Filter>
    </ClCompile>
    <ClCompile Include="DDrawCompat\Experimental\DDraw\IReleaseNotifier.cpp">
      <Filter>DDrawCompat\Experimental</Filter>
    </ClCompile>
    <ClCompile Include="DDrawCompat\Experimental\DDraw\DirectDrawSurface.cpp">
      <Filter>DDrawCompat\Experimental</Filter>
    </ClCompile>
    <ClCompile Include="DDrawCompat\Experimental\DDraw\DirectDrawGammaControl.cpp">
      <Filter>DDrawCompat\Experimental</Filter>
    </ClCompile>
    <ClCompile Include="DDrawCompat\Experimental\DDraw\DirectDrawClipper.cpp">
      <Filter>DDrawCompat\Experimental</Filter>
    </ClCompile>
    <ClCompile Include="DDrawCompat\Experimental\DDraw\DirectDraw.cpp">
      <Filter>DDrawCompat\Experimental</Filter>
    </ClCompile>
    <ClCompile Include="DDrawCompat\Experimental\DDraw\ActivateAppHandler.cpp">
      <Filter>DDrawCompat\Experimental</Filter>
    </ClCompile>
    <ClCompile Include="DDrawCompat\Experimental\D3dDdi\OversizedResource.cpp">
      <Filter>DDrawCompat\Experimental</Filter>
    </ClCompile>
    <ClCompile Include="DDrawCompat\Experimental\D3dDdi\LockResource.cpp">
      <Filter>DDrawCompat\Experimental</Filter>
    </ClCompile>
    <ClCompile Include="DDrawCompat\Experimental\D3dDdi\DeviceFuncs.cpp">
      <Filter>DDrawCompat\Experimental</Filter>
    </ClCompile>
    <ClCompile Include="DDrawCompat\Experimental\D3dDdi\DeviceCallbacks.cpp">
      <Filter>DDrawCompat\Experimental</Filter>
    </ClCompile>
    <ClCompile Include="DDrawCompat\Experimental\D3dDdi\AdapterFuncs.cpp">
      <Filter>DDrawCompat\Experimental</Filter>
    </ClCompile>
    <ClCompile Include="DDrawCompat\Experimental\D3dDdi\AdapterCallbacks.cpp">
      <Filter>DDrawCompat\Experimental</Filter>
    </ClCompile>
    <ClCompile Include="ddraw\IDirectDrawTypes.cpp">
      <Filter>ddraw</Filter>
    </ClCompile>
    <ClCompile Include="ddraw\IDirectDrawSurfaceX.cpp">
      <Filter>ddraw</Filter>
    </ClCompile>
    <ClCompile Include="ddraw\IDirectDrawX.cpp">
      <Filter>ddraw</Filter>
    </ClCompile>
    <ClCompile Include="ddraw\IDirectDrawEnumCallback.cpp">
      <Filter>ddraw</Filter>
    </ClCompile>
    <ClCompile Include="ddraw\IDirect3DX.cpp">
      <Filter>ddraw</Filter>
    </ClCompile>
    <ClCompile Include="ddraw\IDirect3DEnumCallback.cpp">
      <Filter>ddraw</Filter>
    </ClCompile>
    <ClCompile Include="ddraw\IDirect3DTypes.cpp">
      <Filter>ddraw</Filter>
    </ClCompile>
    <ClCompile Include="ddraw\IDirect3DMaterialX.cpp">
      <Filter>ddraw</Filter>
    </ClCompile>
    <ClCompile Include="ddraw\IDirect3DTextureX.cpp">
      <Filter>ddraw</Filter>
    </ClCompile>
    <ClCompile Include="ddraw\IDirect3DVertexBufferX.cpp">
      <Filter>ddraw</Filter>
    </ClCompile>
    <ClCompile Include="ddraw\IDirect3DViewportX.cpp">
      <Filter>ddraw</Filter>
    </ClCompile>
    <ClCompile Include="ddraw\IDirect3DDeviceX.cpp">
      <Filter>ddraw</Filter>
    </ClCompile>
    <ClCompile Include="ddraw\Versions\IDirect3D.cpp">
      <Filter>ddraw\Versions</Filter>
    </ClCompile>
    <ClCompile Include="ddraw\Versions\IDirect3D2.cpp">
      <Filter>ddraw\Versions</Filter>
    </ClCompile>
    <ClCompile Include="ddraw\Versions\IDirect3D3.cpp">
      <Filter>ddraw\Versions</Filter>
    </ClCompile>
    <ClCompile Include="ddraw\Versions\IDirect3D7.cpp">
      <Filter>ddraw\Versions</Filter>
    </ClCompile>
    <ClCompile Include="ddraw\Versions\IDirect3DDevice.cpp">
      <Filter>ddraw\Versions</Filter>
    </ClCompile>
    <ClCompile Include="ddraw\Versions\IDirect3DDevice2.cpp">
      <Filter>ddraw\Versions</Filter>
    </ClCompile>
    <ClCompile Include="ddraw\Versions\IDirect3DDevice3.cpp">
      <Filter>ddraw\Versions</Filter>
    </ClCompile>
    <ClCompile Include="ddraw\Versions\IDirect3DDevice7.cpp">
      <Filter>ddraw\Versions</Filter>
    </ClCompile>
    <ClCompile Include="ddraw\Versions\IDirect3DMaterial.cpp">
      <Filter>ddraw\Versions</Filter>
    </ClCompile>
    <ClCompile Include="ddraw\Versions\IDirect3DMaterial2.cpp">
      <Filter>ddraw\Versions</Filter>
    </ClCompile>
    <ClCompile Include="ddraw\Versions\IDirect3DMaterial3.cpp">
      <Filter>ddraw\Versions</Filter>
    </ClCompile>
    <ClCompile Include="ddraw\Versions\IDirect3DTexture.cpp">
      <Filter>ddraw\Versions</Filter>
    </ClCompile>
    <ClCompile Include="ddraw\Versions\IDirect3DTexture2.cpp">
      <Filter>ddraw\Versions</Filter>
    </ClCompile>
    <ClCompile Include="ddraw\Versions\IDirect3DVertexBuffer.cpp">
      <Filter>ddraw\Versions</Filter>
    </ClCompile>
    <ClCompile Include="ddraw\Versions\IDirect3DVertexBuffer7.cpp">
      <Filter>ddraw\Versions</Filter>
    </ClCompile>
    <ClCompile Include="ddraw\Versions\IDirect3DViewport.cpp">
      <Filter>ddraw\Versions</Filter>
    </ClCompile>
    <ClCompile Include="ddraw\Versions\IDirect3DViewport2.cpp">
      <Filter>ddraw\Versions</Filter>
    </ClCompile>
    <ClCompile Include="ddraw\Versions\IDirect3DViewport3.cpp">
      <Filter>ddraw\Versions</Filter>
    </ClCompile>
    <ClCompile Include="ddraw\Versions\IDirectDraw.cpp">
      <Filter>ddraw\Versions</Filter>
    </ClCompile>
    <ClCompile Include="ddraw\Versions\IDirectDraw2.cpp">
      <Filter>ddraw\Versions</Filter>
    </ClCompile>
    <ClCompile Include="ddraw\Versions\IDirectDraw3.cpp">
      <Filter>ddraw\Versions</Filter>
    </ClCompile>
    <ClCompile Include="ddraw\Versions\IDirectDraw4.cpp">
      <Filter>ddraw\Versions</Filter>
    </ClCompile>
    <ClCompile Include="ddraw\Versions\IDirectDraw7.cpp">
      <Filter>ddraw\Versions</Filter>
    </ClCompile>
    <ClCompile Include="ddraw\Versions\IDirectDrawSurface.cpp">
      <Filter>ddraw\Versions</Filter>
    </ClCompile>
    <ClCompile Include="ddraw\Versions\IDirectDrawSurface2.cpp">
      <Filter>ddraw\Versions</Filter>
    </ClCompile>
    <ClCompile Include="ddraw\Versions\IDirectDrawSurface3.cpp">
      <Filter>ddraw\Versions</Filter>
    </ClCompile>
    <ClCompile Include="ddraw\Versions\IDirectDrawSurface4.cpp">
      <Filter>ddraw\Versions</Filter>
    </ClCompile>
    <ClCompile Include="ddraw\Versions\IDirectDrawSurface7.cpp">
      <Filter>ddraw\Versions</Filter>
    </ClCompile>
    <ClCompile Include="External\d3d8to9\source\d3d8to9_base.cpp">
      <Filter>External\d3d8to9</Filter>
    </ClCompile>
    <ClCompile Include="External\d3d8to9\source\d3d8to9_device.cpp">
      <Filter>External\d3d8to9</Filter>
    </ClCompile>
    <ClCompile Include="External\d3d8to9\source\d3d8to9_index_buffer.cpp">
      <Filter>External\d3d8to9</Filter>
    </ClCompile>
    <ClCompile Include="External\d3d8to9\source\d3d8to9_surface.cpp">
      <Filter>External\d3d8to9</Filter>
    </ClCompile>
    <ClCompile Include="External\d3d8to9\source\d3d8to9_swap_chain.cpp">
      <Filter>External\d3d8to9</Filter>
    </ClCompile>
    <ClCompile Include="External\d3d8to9\source\d3d8to9_texture.cpp">
      <Filter>External\d3d8to9</Filter>
    </ClCompile>
    <ClCompile Include="External\d3d8to9\source\d3d8to9_vertex_buffer.cpp">
      <Filter>External\d3d8to9</Filter>
    </ClCompile>
    <ClCompile Include="External\d3d8to9\source\d3d8to9_volume.cpp">
      <Filter>External\d3d8to9</Filter>
    </ClCompile>
    <ClCompile Include="External\d3d8to9\source\d3d8types.cpp">
      <Filter>External\d3d8to9</Filter>
    </ClCompile>
    <ClCompile Include="External\d3d8to9\source\lookup_table.cpp">
      <Filter>External\d3d8to9</Filter>
    </ClCompile>
    <ClCompile Include="Wrappers\d3d8to9.cpp">
      <Filter>Wrappers</Filter>
    </ClCompile>
  </ItemGroup>
  <ItemGroup>
    <None Include="Settings\AllSettings.ini">
      <Filter>Settings</Filter>
    </None>
    <None Include="Settings\Settings.ini">
      <Filter>Settings</Filter>
    </None>
    <None Include="Wrappers\wrapper.def">
      <Filter>Wrappers</Filter>
    </None>
    <None Include="Settings\Stub.ini">
      <Filter>Settings</Filter>
    </None>
  </ItemGroup>
  <ItemGroup>
    <ClInclude Include="DSoundCtrl\dsound.h">
      <Filter>DSoundCtrl</Filter>
    </ClInclude>
    <ClInclude Include="DSoundCtrl\DSoundCtrl.h">
      <Filter>DSoundCtrl</Filter>
    </ClInclude>
    <ClInclude Include="DSoundCtrl\DSoundTypes.h">
      <Filter>DSoundCtrl</Filter>
    </ClInclude>
    <ClInclude Include="DSoundCtrl\IDirectSound3DBufferEx.h">
      <Filter>DSoundCtrl</Filter>
    </ClInclude>
    <ClInclude Include="DSoundCtrl\IDirectSound3DListenerEx.h">
      <Filter>DSoundCtrl</Filter>
    </ClInclude>
    <ClInclude Include="DSoundCtrl\IDirectSoundBufferEx.h">
      <Filter>DSoundCtrl</Filter>
    </ClInclude>
    <ClInclude Include="DSoundCtrl\IDirectSoundClassFactoryEx.h">
      <Filter>DSoundCtrl</Filter>
    </ClInclude>
    <ClInclude Include="DSoundCtrl\IDirectSoundEx.h">
      <Filter>DSoundCtrl</Filter>
    </ClInclude>
    <ClInclude Include="DSoundCtrl\DSoundCtrlExternal.h">
      <Filter>DSoundCtrl</Filter>
    </ClInclude>
    <ClInclude Include="libraries\dwmapi.h">
      <Filter>Libraries</Filter>
    </ClInclude>
    <ClInclude Include="libraries\uxtheme.h">
      <Filter>Libraries</Filter>
    </ClInclude>
    <ClInclude Include="libraries\winmm.h">
      <Filter>Libraries</Filter>
    </ClInclude>
    <ClInclude Include="Disasm\disasm.h">
      <Filter>Disasm</Filter>
    </ClInclude>
    <ClInclude Include="Dllmain\Dllmain.h">
      <Filter>Dllmain</Filter>
    </ClInclude>
    <ClInclude Include="Dllmain\dxwrapper.h">
      <Filter>Dllmain</Filter>
    </ClInclude>
    <ClInclude Include="Utils\Utils.h">
      <Filter>Utils</Filter>
    </ClInclude>
    <ClInclude Include="Settings\Settings.h">
      <Filter>Settings</Filter>
    </ClInclude>
    <ClInclude Include="Libraries\d3dx9.h">
      <Filter>Libraries</Filter>
    </ClInclude>
    <ClInclude Include="Logging\Logging.h">
      <Filter>Logging</Filter>
    </ClInclude>
    <ClInclude Include="Hooking\Hook.h">
      <Filter>Hooking</Filter>
    </ClInclude>
    <ClInclude Include="Wrappers\wrapper.h">
      <Filter>Wrappers</Filter>
    </ClInclude>
    <ClInclude Include="Settings\ReadParse.h">
      <Filter>Settings</Filter>
    </ClInclude>
    <ClInclude Include="ddraw\ddraw.h">
      <Filter>ddraw</Filter>
    </ClInclude>
    <ClInclude Include="ddraw\IDirect3DExecuteBuffer.h">
      <Filter>ddraw</Filter>
    </ClInclude>
    <ClInclude Include="ddraw\IDirect3DLight.h">
      <Filter>ddraw</Filter>
    </ClInclude>
    <ClInclude Include="ddraw\IDirectDrawClipper.h">
      <Filter>ddraw</Filter>
    </ClInclude>
    <ClInclude Include="ddraw\IDirectDrawColorControl.h">
      <Filter>ddraw</Filter>
    </ClInclude>
    <ClInclude Include="ddraw\IDirectDrawFactory.h">
      <Filter>ddraw</Filter>
    </ClInclude>
    <ClInclude Include="ddraw\IDirectDrawGammaControl.h">
      <Filter>ddraw</Filter>
    </ClInclude>
    <ClInclude Include="ddraw\IDirectDrawPalette.h">
      <Filter>ddraw</Filter>
    </ClInclude>
    <ClInclude Include="ddraw\ddrawExternal.h">
      <Filter>ddraw</Filter>
    </ClInclude>
    <ClInclude Include="d3d9\d3d9.h">
      <Filter>d3d9</Filter>
    </ClInclude>
    <ClInclude Include="d3d9\IDirect3D9.h">
      <Filter>d3d9</Filter>
    </ClInclude>
    <ClInclude Include="d3d9\IDirect3D9Ex.h">
      <Filter>d3d9</Filter>
    </ClInclude>
    <ClInclude Include="d3d9\IDirect3DCubeTexture9.h">
      <Filter>d3d9</Filter>
    </ClInclude>
    <ClInclude Include="d3d9\IDirect3DDevice9.h">
      <Filter>d3d9</Filter>
    </ClInclude>
    <ClInclude Include="d3d9\IDirect3DDevice9Ex.h">
      <Filter>d3d9</Filter>
    </ClInclude>
    <ClInclude Include="d3d9\IDirect3DIndexBuffer9.h">
      <Filter>d3d9</Filter>
    </ClInclude>
    <ClInclude Include="d3d9\IDirect3DPixelShader9.h">
      <Filter>d3d9</Filter>
    </ClInclude>
    <ClInclude Include="d3d9\IDirect3DQuery9.h">
      <Filter>d3d9</Filter>
    </ClInclude>
    <ClInclude Include="d3d9\IDirect3DStateBlock9.h">
      <Filter>d3d9</Filter>
    </ClInclude>
    <ClInclude Include="d3d9\IDirect3DSurface9.h">
      <Filter>d3d9</Filter>
    </ClInclude>
    <ClInclude Include="d3d9\IDirect3DSwapChain9.h">
      <Filter>d3d9</Filter>
    </ClInclude>
    <ClInclude Include="d3d9\IDirect3DTexture9.h">
      <Filter>d3d9</Filter>
    </ClInclude>
    <ClInclude Include="d3d9\IDirect3DVertexBuffer9.h">
      <Filter>d3d9</Filter>
    </ClInclude>
    <ClInclude Include="d3d9\IDirect3DVertexDeclaration9.h">
      <Filter>d3d9</Filter>
    </ClInclude>
    <ClInclude Include="d3d9\IDirect3DVertexShader9.h">
      <Filter>d3d9</Filter>
    </ClInclude>
    <ClInclude Include="d3d9\IDirect3DVolume9.h">
      <Filter>d3d9</Filter>
    </ClInclude>
    <ClInclude Include="d3d9\IDirect3DVolumeTexture9.h">
      <Filter>d3d9</Filter>
    </ClInclude>
    <ClInclude Include="d3d9\d3d9External.h">
      <Filter>d3d9</Filter>
    </ClInclude>
    <ClInclude Include="Wrappers\bcrypt.h">
      <Filter>Wrappers</Filter>
    </ClInclude>
    <ClInclude Include="Wrappers\cryptsp.h">
      <Filter>Wrappers</Filter>
    </ClInclude>
    <ClInclude Include="Wrappers\d2d1.h">
      <Filter>Wrappers</Filter>
    </ClInclude>
    <ClInclude Include="Wrappers\d3d8.h">
      <Filter>Wrappers</Filter>
    </ClInclude>
    <ClInclude Include="Wrappers\d3d9.h">
      <Filter>Wrappers</Filter>
    </ClInclude>
    <ClInclude Include="Wrappers\d3d10.h">
      <Filter>Wrappers</Filter>
    </ClInclude>
    <ClInclude Include="Wrappers\d3d10core.h">
      <Filter>Wrappers</Filter>
    </ClInclude>
    <ClInclude Include="Wrappers\d3d11.h">
      <Filter>Wrappers</Filter>
    </ClInclude>
    <ClInclude Include="Wrappers\d3d12.h">
      <Filter>Wrappers</Filter>
    </ClInclude>
    <ClInclude Include="Wrappers\d3dim.h">
      <Filter>Wrappers</Filter>
    </ClInclude>
    <ClInclude Include="Wrappers\d3dim700.h">
      <Filter>Wrappers</Filter>
    </ClInclude>
    <ClInclude Include="Wrappers\dciman32.h">
      <Filter>Wrappers</Filter>
    </ClInclude>
    <ClInclude Include="Wrappers\ddraw.h">
      <Filter>Wrappers</Filter>
    </ClInclude>
    <ClInclude Include="Wrappers\dinput.h">
      <Filter>Wrappers</Filter>
    </ClInclude>
    <ClInclude Include="Wrappers\dinput8.h">
      <Filter>Wrappers</Filter>
    </ClInclude>
    <ClInclude Include="Wrappers\dplayx.h">
      <Filter>Wrappers</Filter>
    </ClInclude>
    <ClInclude Include="Wrappers\dsound.h">
      <Filter>Wrappers</Filter>
    </ClInclude>
    <ClInclude Include="Wrappers\dxgi.h">
      <Filter>Wrappers</Filter>
    </ClInclude>
    <ClInclude Include="Wrappers\msacm32.h">
      <Filter>Wrappers</Filter>
    </ClInclude>
    <ClInclude Include="Wrappers\msvfw32.h">
      <Filter>Wrappers</Filter>
    </ClInclude>
    <ClInclude Include="Wrappers\shared.h">
      <Filter>Wrappers</Filter>
    </ClInclude>
    <ClInclude Include="Wrappers\vorbisFile.h">
      <Filter>Wrappers</Filter>
    </ClInclude>
    <ClInclude Include="Wrappers\winmm.h">
      <Filter>Wrappers</Filter>
    </ClInclude>
    <ClInclude Include="DxWnd\DxWndExternal.h">
      <Filter>DxWnd</Filter>
    </ClInclude>
    <ClInclude Include="DDrawCompat\DDrawCompatExternal.h">
      <Filter>DDrawCompat</Filter>
    </ClInclude>
    <ClInclude Include="DDrawCompat\DDrawLog.h">
      <Filter>DDrawCompat</Filter>
    </ClInclude>
    <ClInclude Include="DxWnd\v2_03_60_src\dxwnd.h">
      <Filter>DxWnd\v2_03_60_src</Filter>
    </ClInclude>
    <ClInclude Include="DDrawCompat\v0.2.1\CompatActivateAppHandler.h">
      <Filter>DDrawCompat\v0.2.1</Filter>
    </ClInclude>
    <ClInclude Include="DDrawCompat\v0.2.1\CompatDirectDraw.h">
      <Filter>DDrawCompat\v0.2.1</Filter>
    </ClInclude>
    <ClInclude Include="DDrawCompat\v0.2.1\CompatDirectDrawPalette.h">
      <Filter>DDrawCompat\v0.2.1</Filter>
    </ClInclude>
    <ClInclude Include="DDrawCompat\v0.2.1\CompatDirectDrawSurface.h">
      <Filter>DDrawCompat\v0.2.1</Filter>
    </ClInclude>
    <ClInclude Include="DDrawCompat\v0.2.1\CompatGdi.h">
      <Filter>DDrawCompat\v0.2.1</Filter>
    </ClInclude>
    <ClInclude Include="DDrawCompat\v0.2.1\CompatGdiCaret.h">
      <Filter>DDrawCompat\v0.2.1</Filter>
    </ClInclude>
    <ClInclude Include="DDrawCompat\v0.2.1\CompatGdiDc.h">
      <Filter>DDrawCompat\v0.2.1</Filter>
    </ClInclude>
    <ClInclude Include="DDrawCompat\v0.2.1\CompatGdiDcCache.h">
      <Filter>DDrawCompat\v0.2.1</Filter>
    </ClInclude>
    <ClInclude Include="DDrawCompat\v0.2.1\CompatGdiDcFunctions.h">
      <Filter>DDrawCompat\v0.2.1</Filter>
    </ClInclude>
    <ClInclude Include="DDrawCompat\v0.2.1\CompatGdiPaintHandlers.h">
      <Filter>DDrawCompat\v0.2.1</Filter>
    </ClInclude>
    <ClInclude Include="DDrawCompat\v0.2.1\CompatGdiScrollBar.h">
      <Filter>DDrawCompat\v0.2.1</Filter>
    </ClInclude>
    <ClInclude Include="DDrawCompat\v0.2.1\CompatGdiScrollFunctions.h">
      <Filter>DDrawCompat\v0.2.1</Filter>
    </ClInclude>
    <ClInclude Include="DDrawCompat\v0.2.1\CompatGdiTitleBar.h">
      <Filter>DDrawCompat\v0.2.1</Filter>
    </ClInclude>
    <ClInclude Include="DDrawCompat\v0.2.1\CompatGdiWinProc.h">
      <Filter>DDrawCompat\v0.2.1</Filter>
    </ClInclude>
    <ClInclude Include="DDrawCompat\v0.2.1\CompatPaletteConverter.h">
      <Filter>DDrawCompat\v0.2.1</Filter>
    </ClInclude>
    <ClInclude Include="DDrawCompat\v0.2.1\CompatPrimarySurface.h">
      <Filter>DDrawCompat\v0.2.1</Filter>
    </ClInclude>
    <ClInclude Include="DDrawCompat\v0.2.1\CompatRegistry.h">
      <Filter>DDrawCompat\v0.2.1</Filter>
    </ClInclude>
    <ClInclude Include="DDrawCompat\v0.2.1\CompatVtable.h">
      <Filter>DDrawCompat\v0.2.1</Filter>
    </ClInclude>
    <ClInclude Include="DDrawCompat\v0.2.1\Config.h">
      <Filter>DDrawCompat\v0.2.1</Filter>
    </ClInclude>
    <ClInclude Include="DDrawCompat\v0.2.1\DDrawProcs.h">
      <Filter>DDrawCompat\v0.2.1</Filter>
    </ClInclude>
    <ClInclude Include="DDrawCompat\v0.2.1\DDrawRepository.h">
      <Filter>DDrawCompat\v0.2.1</Filter>
    </ClInclude>
    <ClInclude Include="DDrawCompat\v0.2.1\DDrawScopedThreadLock.h">
      <Filter>DDrawCompat\v0.2.1</Filter>
    </ClInclude>
    <ClInclude Include="DDrawCompat\v0.2.1\DDrawTypes.h">
      <Filter>DDrawCompat\v0.2.1</Filter>
    </ClInclude>
    <ClInclude Include="DDrawCompat\v0.2.1\DDrawVtableVisitor.h">
      <Filter>DDrawCompat\v0.2.1</Filter>
    </ClInclude>
    <ClInclude Include="DDrawCompat\v0.2.1\DirectDrawPaletteVtblVisitor.h">
      <Filter>DDrawCompat\v0.2.1</Filter>
    </ClInclude>
    <ClInclude Include="DDrawCompat\v0.2.1\DirectDrawSurfaceVtblVisitor.h">
      <Filter>DDrawCompat\v0.2.1</Filter>
    </ClInclude>
    <ClInclude Include="DDrawCompat\v0.2.1\DirectDrawVtblVisitor.h">
      <Filter>DDrawCompat\v0.2.1</Filter>
    </ClInclude>
    <ClInclude Include="DDrawCompat\v0.2.1\DllMain.h">
      <Filter>DDrawCompat\v0.2.1</Filter>
    </ClInclude>
    <ClInclude Include="DDrawCompat\v0.2.1\Hook.h">
      <Filter>DDrawCompat\v0.2.1</Filter>
    </ClInclude>
    <ClInclude Include="DDrawCompat\v0.2.1\IReleaseNotifier.h">
      <Filter>DDrawCompat\v0.2.1</Filter>
    </ClInclude>
    <ClInclude Include="DDrawCompat\v0.2.1\RealPrimarySurface.h">
      <Filter>DDrawCompat\v0.2.1</Filter>
    </ClInclude>
    <ClInclude Include="DDrawCompat\v0.2.1\ScopedCriticalSection.h">
      <Filter>DDrawCompat\v0.2.1</Filter>
    </ClInclude>
    <ClInclude Include="DDrawCompat\v0.2.1\Time.h">
      <Filter>DDrawCompat\v0.2.1</Filter>
    </ClInclude>
    <ClInclude Include="DDrawCompat\v0.2.0b\CompatDirectDraw.h">
      <Filter>DDrawCompat\v0.2.0b</Filter>
    </ClInclude>
    <ClInclude Include="DDrawCompat\v0.2.0b\CompatDirectDrawPalette.h">
      <Filter>DDrawCompat\v0.2.0b</Filter>
    </ClInclude>
    <ClInclude Include="DDrawCompat\v0.2.0b\CompatDirectDrawSurface.h">
      <Filter>DDrawCompat\v0.2.0b</Filter>
    </ClInclude>
    <ClInclude Include="DDrawCompat\v0.2.0b\CompatGdi.h">
      <Filter>DDrawCompat\v0.2.0b</Filter>
    </ClInclude>
    <ClInclude Include="DDrawCompat\v0.2.0b\CompatGdiCaret.h">
      <Filter>DDrawCompat\v0.2.0b</Filter>
    </ClInclude>
    <ClInclude Include="DDrawCompat\v0.2.0b\CompatGdiDc.h">
      <Filter>DDrawCompat\v0.2.0b</Filter>
    </ClInclude>
    <ClInclude Include="DDrawCompat\v0.2.0b\CompatGdiDcCache.h">
      <Filter>DDrawCompat\v0.2.0b</Filter>
    </ClInclude>
    <ClInclude Include="DDrawCompat\v0.2.0b\CompatGdiFunctions.h">
      <Filter>DDrawCompat\v0.2.0b</Filter>
    </ClInclude>
    <ClInclude Include="DDrawCompat\v0.2.0b\CompatGdiWinProc.h">
      <Filter>DDrawCompat\v0.2.0b</Filter>
    </ClInclude>
    <ClInclude Include="DDrawCompat\v0.2.0b\CompatPrimarySurface.h">
      <Filter>DDrawCompat\v0.2.0b</Filter>
    </ClInclude>
    <ClInclude Include="DDrawCompat\v0.2.0b\CompatVtable.h">
      <Filter>DDrawCompat\v0.2.0b</Filter>
    </ClInclude>
    <ClInclude Include="DDrawCompat\v0.2.0b\Config.h">
      <Filter>DDrawCompat\v0.2.0b</Filter>
    </ClInclude>
    <ClInclude Include="DDrawCompat\v0.2.0b\DDrawProcs.h">
      <Filter>DDrawCompat\v0.2.0b</Filter>
    </ClInclude>
    <ClInclude Include="DDrawCompat\v0.2.0b\DDrawScopedThreadLock.h">
      <Filter>DDrawCompat\v0.2.0b</Filter>
    </ClInclude>
    <ClInclude Include="DDrawCompat\v0.2.0b\DDrawTypes.h">
      <Filter>DDrawCompat\v0.2.0b</Filter>
    </ClInclude>
    <ClInclude Include="DDrawCompat\v0.2.0b\DDrawVtableVisitor.h">
      <Filter>DDrawCompat\v0.2.0b</Filter>
    </ClInclude>
    <ClInclude Include="DDrawCompat\v0.2.0b\DirectDrawPaletteVtblVisitor.h">
      <Filter>DDrawCompat\v0.2.0b</Filter>
    </ClInclude>
    <ClInclude Include="DDrawCompat\v0.2.0b\DirectDrawSurfaceVtblVisitor.h">
      <Filter>DDrawCompat\v0.2.0b</Filter>
    </ClInclude>
    <ClInclude Include="DDrawCompat\v0.2.0b\DirectDrawVtblVisitor.h">
      <Filter>DDrawCompat\v0.2.0b</Filter>
    </ClInclude>
    <ClInclude Include="DDrawCompat\v0.2.0b\DllMain.h">
      <Filter>DDrawCompat\v0.2.0b</Filter>
    </ClInclude>
    <ClInclude Include="DDrawCompat\v0.2.0b\IReleaseNotifier.h">
      <Filter>DDrawCompat\v0.2.0b</Filter>
    </ClInclude>
    <ClInclude Include="DDrawCompat\v0.2.0b\RealPrimarySurface.h">
      <Filter>DDrawCompat\v0.2.0b</Filter>
    </ClInclude>
    <ClInclude Include="DDrawCompat\Experimental\Dll\DllMain.h">
      <Filter>DDrawCompat\Experimental</Filter>
    </ClInclude>
    <ClInclude Include="DDrawCompat\Experimental\Dll\Procs.h">
      <Filter>DDrawCompat\Experimental</Filter>
    </ClInclude>
    <ClInclude Include="DDrawCompat\Experimental\Common\CompatVtable.h">
      <Filter>DDrawCompat\Experimental</Filter>
    </ClInclude>
    <ClInclude Include="DDrawCompat\Experimental\D3dDdi\Log\DeviceCallbacksLog.h">
      <Filter>DDrawCompat\Experimental</Filter>
    </ClInclude>
    <ClInclude Include="DDrawCompat\Experimental\D3dDdi\Log\KernelModeThunksLog.h">
      <Filter>DDrawCompat\Experimental</Filter>
    </ClInclude>
    <ClInclude Include="DDrawCompat\Experimental\Win32\Registry.h">
      <Filter>DDrawCompat\Experimental</Filter>
    </ClInclude>
    <ClInclude Include="DDrawCompat\Experimental\Win32\MsgHooks.h">
      <Filter>DDrawCompat\Experimental</Filter>
    </ClInclude>
    <ClInclude Include="DDrawCompat\Experimental\Win32\FontSmoothing.h">
      <Filter>DDrawCompat\Experimental</Filter>
    </ClInclude>
    <ClInclude Include="DDrawCompat\Experimental\Win32\DisplayMode.h">
      <Filter>DDrawCompat\Experimental</Filter>
    </ClInclude>
    <ClInclude Include="DDrawCompat\Experimental\Gdi\WinProc.h">
      <Filter>DDrawCompat\Experimental</Filter>
    </ClInclude>
    <ClInclude Include="DDrawCompat\Experimental\Gdi\TitleBar.h">
      <Filter>DDrawCompat\Experimental</Filter>
    </ClInclude>
    <ClInclude Include="DDrawCompat\Experimental\Gdi\ScrollFunctions.h">
      <Filter>DDrawCompat\Experimental</Filter>
    </ClInclude>
    <ClInclude Include="DDrawCompat\Experimental\Gdi\ScrollBar.h">
      <Filter>DDrawCompat\Experimental</Filter>
    </ClInclude>
    <ClInclude Include="DDrawCompat\Experimental\Gdi\PaintHandlers.h">
      <Filter>DDrawCompat\Experimental</Filter>
    </ClInclude>
    <ClInclude Include="DDrawCompat\Experimental\Gdi\Gdi.h">
      <Filter>DDrawCompat\Experimental</Filter>
    </ClInclude>
    <ClInclude Include="DDrawCompat\Experimental\Gdi\DcFunctions.h">
      <Filter>DDrawCompat\Experimental</Filter>
    </ClInclude>
    <ClInclude Include="DDrawCompat\Experimental\Gdi\DcCache.h">
      <Filter>DDrawCompat\Experimental</Filter>
    </ClInclude>
    <ClInclude Include="DDrawCompat\Experimental\Gdi\Dc.h">
      <Filter>DDrawCompat\Experimental</Filter>
    </ClInclude>
    <ClInclude Include="DDrawCompat\Experimental\Gdi\Caret.h">
      <Filter>DDrawCompat\Experimental</Filter>
    </ClInclude>
    <ClInclude Include="DDrawCompat\Experimental\Direct3d\Visitors\Direct3dVtblVisitor.h">
      <Filter>DDrawCompat\Experimental</Filter>
    </ClInclude>
    <ClInclude Include="DDrawCompat\Experimental\Direct3d\Visitors\Direct3dViewportVtblVisitor.h">
      <Filter>DDrawCompat\Experimental</Filter>
    </ClInclude>
    <ClInclude Include="DDrawCompat\Experimental\Direct3d\Visitors\Direct3dVertexBufferVtblVisitor.h">
      <Filter>DDrawCompat\Experimental</Filter>
    </ClInclude>
    <ClInclude Include="DDrawCompat\Experimental\Direct3d\Visitors\Direct3dTextureVtblVisitor.h">
      <Filter>DDrawCompat\Experimental</Filter>
    </ClInclude>
    <ClInclude Include="DDrawCompat\Experimental\Direct3d\Visitors\Direct3dDeviceVtblVisitor.h">
      <Filter>DDrawCompat\Experimental</Filter>
    </ClInclude>
    <ClInclude Include="DDrawCompat\Experimental\Direct3d\Types.h">
      <Filter>DDrawCompat\Experimental</Filter>
    </ClInclude>
    <ClInclude Include="DDrawCompat\Experimental\Direct3d\Hooks.h">
      <Filter>DDrawCompat\Experimental</Filter>
    </ClInclude>
    <ClInclude Include="DDrawCompat\Experimental\Direct3d\Direct3dViewport.h">
      <Filter>DDrawCompat\Experimental</Filter>
    </ClInclude>
    <ClInclude Include="DDrawCompat\Experimental\Direct3d\Direct3dVertexBuffer.h">
      <Filter>DDrawCompat\Experimental</Filter>
    </ClInclude>
    <ClInclude Include="DDrawCompat\Experimental\Direct3d\Direct3dTexture.h">
      <Filter>DDrawCompat\Experimental</Filter>
    </ClInclude>
    <ClInclude Include="DDrawCompat\Experimental\Direct3d\Direct3dDevice.h">
      <Filter>DDrawCompat\Experimental</Filter>
    </ClInclude>
    <ClInclude Include="DDrawCompat\Experimental\Direct3d\Direct3d.h">
      <Filter>DDrawCompat\Experimental</Filter>
    </ClInclude>
    <ClInclude Include="DDrawCompat\Experimental\Direct3d\DepthBuffer.h">
      <Filter>DDrawCompat\Experimental</Filter>
    </ClInclude>
    <ClInclude Include="DDrawCompat\Experimental\DDraw\Visitors\DirectDrawVtblVisitor.h">
      <Filter>DDrawCompat\Experimental</Filter>
    </ClInclude>
    <ClInclude Include="DDrawCompat\Experimental\DDraw\Visitors\DirectDrawSurfaceVtblVisitor.h">
      <Filter>DDrawCompat\Experimental</Filter>
    </ClInclude>
    <ClInclude Include="DDrawCompat\Experimental\DDraw\Visitors\DirectDrawPaletteVtblVisitor.h">
      <Filter>DDrawCompat\Experimental</Filter>
    </ClInclude>
    <ClInclude Include="DDrawCompat\Experimental\DDraw\Visitors\DirectDrawGammaControlVtblVisitor.h">
      <Filter>DDrawCompat\Experimental</Filter>
    </ClInclude>
    <ClInclude Include="DDrawCompat\Experimental\DDraw\Visitors\DirectDrawClipperVtblVisitor.h">
      <Filter>DDrawCompat\Experimental</Filter>
    </ClInclude>
    <ClInclude Include="DDrawCompat\Experimental\DDraw\Surfaces\TagSurface.h">
      <Filter>DDrawCompat\Experimental</Filter>
    </ClInclude>
    <ClInclude Include="DDrawCompat\Experimental\DDraw\Surfaces\SurfaceImpl.h">
      <Filter>DDrawCompat\Experimental</Filter>
    </ClInclude>
    <ClInclude Include="DDrawCompat\Experimental\DDraw\Surfaces\Surface.h">
      <Filter>DDrawCompat\Experimental</Filter>
    </ClInclude>
    <ClInclude Include="DDrawCompat\Experimental\DDraw\Surfaces\PrimarySurfaceImpl.h">
      <Filter>DDrawCompat\Experimental</Filter>
    </ClInclude>
    <ClInclude Include="DDrawCompat\Experimental\DDraw\Surfaces\PrimarySurface.h">
      <Filter>DDrawCompat\Experimental</Filter>
    </ClInclude>
    <ClInclude Include="DDrawCompat\Experimental\DDraw\Types.h">
      <Filter>DDrawCompat\Experimental</Filter>
    </ClInclude>
    <ClInclude Include="DDrawCompat\Experimental\DDraw\ScopedThreadLock.h">
      <Filter>DDrawCompat\Experimental</Filter>
    </ClInclude>
    <ClInclude Include="DDrawCompat\Experimental\DDraw\Repository.h">
      <Filter>DDrawCompat\Experimental</Filter>
    </ClInclude>
    <ClInclude Include="DDrawCompat\Experimental\DDraw\RealPrimarySurface.h">
      <Filter>DDrawCompat\Experimental</Filter>
    </ClInclude>
    <ClInclude Include="DDrawCompat\Experimental\DDraw\IReleaseNotifier.h">
      <Filter>DDrawCompat\Experimental</Filter>
    </ClInclude>
    <ClInclude Include="DDrawCompat\Experimental\DDraw\Hooks.h">
      <Filter>DDrawCompat\Experimental</Filter>
    </ClInclude>
    <ClInclude Include="DDrawCompat\Experimental\DDraw\DirectDrawSurface.h">
      <Filter>DDrawCompat\Experimental</Filter>
    </ClInclude>
    <ClInclude Include="DDrawCompat\Experimental\DDraw\DirectDrawPalette.h">
      <Filter>DDrawCompat\Experimental</Filter>
    </ClInclude>
    <ClInclude Include="DDrawCompat\Experimental\DDraw\DirectDrawGammaControl.h">
      <Filter>DDrawCompat\Experimental</Filter>
    </ClInclude>
    <ClInclude Include="DDrawCompat\Experimental\DDraw\DirectDrawClipper.h">
      <Filter>DDrawCompat\Experimental</Filter>
    </ClInclude>
    <ClInclude Include="DDrawCompat\Experimental\DDraw\DirectDraw.h">
      <Filter>DDrawCompat\Experimental</Filter>
    </ClInclude>
    <ClInclude Include="DDrawCompat\Experimental\DDraw\ActivateAppHandler.h">
      <Filter>DDrawCompat\Experimental</Filter>
    </ClInclude>
    <ClInclude Include="DDrawCompat\Experimental\D3dDdi\Visitors\DeviceFuncsVisitor.h">
      <Filter>DDrawCompat\Experimental</Filter>
    </ClInclude>
    <ClInclude Include="DDrawCompat\Experimental\D3dDdi\Visitors\DeviceCallbacksVisitor.h">
      <Filter>DDrawCompat\Experimental</Filter>
    </ClInclude>
    <ClInclude Include="DDrawCompat\Experimental\D3dDdi\Visitors\AdapterFuncsVisitor.h">
      <Filter>DDrawCompat\Experimental</Filter>
    </ClInclude>
    <ClInclude Include="DDrawCompat\Experimental\D3dDdi\Visitors\AdapterCallbacksVisitor.h">
      <Filter>DDrawCompat\Experimental</Filter>
    </ClInclude>
    <ClInclude Include="DDrawCompat\Experimental\D3dDdi\Log\DeviceFuncsLog.h">
      <Filter>DDrawCompat\Experimental</Filter>
    </ClInclude>
    <ClInclude Include="DDrawCompat\Experimental\D3dDdi\Log\AdapterFuncsLog.h">
      <Filter>DDrawCompat\Experimental</Filter>
    </ClInclude>
    <ClInclude Include="DDrawCompat\Experimental\D3dDdi\OversizedResource.h">
      <Filter>DDrawCompat\Experimental</Filter>
    </ClInclude>
    <ClInclude Include="DDrawCompat\Experimental\D3dDdi\LockResource.h">
      <Filter>DDrawCompat\Experimental</Filter>
    </ClInclude>
    <ClInclude Include="DDrawCompat\Experimental\D3dDdi\KernelModeThunks.h">
      <Filter>DDrawCompat\Experimental</Filter>
    </ClInclude>
    <ClInclude Include="DDrawCompat\Experimental\D3dDdi\Hooks.h">
      <Filter>DDrawCompat\Experimental</Filter>
    </ClInclude>
    <ClInclude Include="DDrawCompat\Experimental\D3dDdi\DeviceFuncs.h">
      <Filter>DDrawCompat\Experimental</Filter>
    </ClInclude>
    <ClInclude Include="DDrawCompat\Experimental\D3dDdi\DeviceCallbacks.h">
      <Filter>DDrawCompat\Experimental</Filter>
    </ClInclude>
    <ClInclude Include="DDrawCompat\Experimental\D3dDdi\AdapterFuncs.h">
      <Filter>DDrawCompat\Experimental</Filter>
    </ClInclude>
    <ClInclude Include="DDrawCompat\Experimental\D3dDdi\AdapterCallbacks.h">
      <Filter>DDrawCompat\Experimental</Filter>
    </ClInclude>
    <ClInclude Include="DDrawCompat\Experimental\Config\Config.h">
      <Filter>DDrawCompat\Experimental</Filter>
    </ClInclude>
    <ClInclude Include="DDrawCompat\Experimental\Common\VtableVisitor.h">
      <Filter>DDrawCompat\Experimental</Filter>
    </ClInclude>
    <ClInclude Include="DDrawCompat\Experimental\Common\Time.h">
      <Filter>DDrawCompat\Experimental</Filter>
    </ClInclude>
    <ClInclude Include="DDrawCompat\Experimental\Common\ScopedCriticalSection.h">
      <Filter>DDrawCompat\Experimental</Filter>
    </ClInclude>
    <ClInclude Include="DDrawCompat\Experimental\Common\Hook.h">
      <Filter>DDrawCompat\Experimental</Filter>
    </ClInclude>
    <ClInclude Include="DDrawCompat\Experimental\Common\CompatWeakPtr.h">
      <Filter>DDrawCompat\Experimental</Filter>
    </ClInclude>
    <ClInclude Include="DDrawCompat\Experimental\Common\CompatRef.h">
      <Filter>DDrawCompat\Experimental</Filter>
    </ClInclude>
    <ClInclude Include="DDrawCompat\Experimental\Common\CompatQueryInterface.h">
      <Filter>DDrawCompat\Experimental</Filter>
    </ClInclude>
    <ClInclude Include="DDrawCompat\Experimental\Common\CompatPtr.h">
      <Filter>DDrawCompat\Experimental</Filter>
    </ClInclude>
    <ClInclude Include="ddraw\IDirectDrawTypes.h">
      <Filter>ddraw</Filter>
    </ClInclude>
    <ClInclude Include="ddraw\IDirectDrawSurfaceX.h">
      <Filter>ddraw</Filter>
    </ClInclude>
    <ClInclude Include="ddraw\AddressLookupTable.h">
      <Filter>ddraw</Filter>
    </ClInclude>
    <ClInclude Include="d3d9\AddressLookupTable.h">
      <Filter>d3d9</Filter>
    </ClInclude>
    <ClInclude Include="ddraw\IDirectDrawX.h">
      <Filter>ddraw</Filter>
    </ClInclude>
    <ClInclude Include="ddraw\IDirectDrawEnumCallback.h">
      <Filter>ddraw</Filter>
    </ClInclude>
    <ClInclude Include="ddraw\IDirect3DX.h">
      <Filter>ddraw</Filter>
    </ClInclude>
    <ClInclude Include="ddraw\IDirect3DEnumCallback.h">
      <Filter>ddraw</Filter>
    </ClInclude>
    <ClInclude Include="ddraw\IDirect3DTypes.h">
      <Filter>ddraw</Filter>
    </ClInclude>
    <ClInclude Include="ddraw\IDirect3DMaterialX.h">
      <Filter>ddraw</Filter>
    </ClInclude>
    <ClInclude Include="ddraw\IDirect3DTextureX.h">
      <Filter>ddraw</Filter>
    </ClInclude>
    <ClInclude Include="ddraw\IDirect3DVertexBufferX.h">
      <Filter>ddraw</Filter>
    </ClInclude>
    <ClInclude Include="ddraw\IDirect3DViewportX.h">
      <Filter>ddraw</Filter>
    </ClInclude>
    <ClInclude Include="ddraw\IDirect3DDeviceX.h">
      <Filter>ddraw</Filter>
    </ClInclude>
    <ClInclude Include="ddraw\Versions\IDirect3D.h">
      <Filter>ddraw\Versions</Filter>
    </ClInclude>
    <ClInclude Include="ddraw\Versions\IDirect3D2.h">
      <Filter>ddraw\Versions</Filter>
    </ClInclude>
    <ClInclude Include="ddraw\Versions\IDirect3D3.h">
      <Filter>ddraw\Versions</Filter>
    </ClInclude>
    <ClInclude Include="ddraw\Versions\IDirect3D7.h">
      <Filter>ddraw\Versions</Filter>
    </ClInclude>
    <ClInclude Include="ddraw\Versions\IDirect3DDevice.h">
      <Filter>ddraw\Versions</Filter>
    </ClInclude>
    <ClInclude Include="ddraw\Versions\IDirect3DDevice2.h">
      <Filter>ddraw\Versions</Filter>
    </ClInclude>
    <ClInclude Include="ddraw\Versions\IDirect3DDevice3.h">
      <Filter>ddraw\Versions</Filter>
    </ClInclude>
    <ClInclude Include="ddraw\Versions\IDirect3DDevice7.h">
      <Filter>ddraw\Versions</Filter>
    </ClInclude>
    <ClInclude Include="ddraw\Versions\IDirect3DMaterial.h">
      <Filter>ddraw\Versions</Filter>
    </ClInclude>
    <ClInclude Include="ddraw\Versions\IDirect3DMaterial2.h">
      <Filter>ddraw\Versions</Filter>
    </ClInclude>
    <ClInclude Include="ddraw\Versions\IDirect3DMaterial3.h">
      <Filter>ddraw\Versions</Filter>
    </ClInclude>
    <ClInclude Include="ddraw\Versions\IDirect3DTexture.h">
      <Filter>ddraw\Versions</Filter>
    </ClInclude>
    <ClInclude Include="ddraw\Versions\IDirect3DTexture2.h">
      <Filter>ddraw\Versions</Filter>
    </ClInclude>
    <ClInclude Include="ddraw\Versions\IDirect3DVertexBuffer.h">
      <Filter>ddraw\Versions</Filter>
    </ClInclude>
    <ClInclude Include="ddraw\Versions\IDirect3DVertexBuffer7.h">
      <Filter>ddraw\Versions</Filter>
    </ClInclude>
    <ClInclude Include="ddraw\Versions\IDirect3DViewport.h">
      <Filter>ddraw\Versions</Filter>
    </ClInclude>
    <ClInclude Include="ddraw\Versions\IDirect3DViewport2.h">
      <Filter>ddraw\Versions</Filter>
    </ClInclude>
    <ClInclude Include="ddraw\Versions\IDirect3DViewport3.h">
      <Filter>ddraw\Versions</Filter>
    </ClInclude>
    <ClInclude Include="ddraw\Versions\IDirectDraw.h">
      <Filter>ddraw\Versions</Filter>
    </ClInclude>
    <ClInclude Include="ddraw\Versions\IDirectDraw2.h">
      <Filter>ddraw\Versions</Filter>
    </ClInclude>
    <ClInclude Include="ddraw\Versions\IDirectDraw3.h">
      <Filter>ddraw\Versions</Filter>
    </ClInclude>
    <ClInclude Include="ddraw\Versions\IDirectDraw4.h">
      <Filter>ddraw\Versions</Filter>
    </ClInclude>
    <ClInclude Include="ddraw\Versions\IDirectDraw7.h">
      <Filter>ddraw\Versions</Filter>
    </ClInclude>
    <ClInclude Include="ddraw\Versions\IDirectDrawSurface.h">
      <Filter>ddraw\Versions</Filter>
    </ClInclude>
    <ClInclude Include="ddraw\Versions\IDirectDrawSurface2.h">
      <Filter>ddraw\Versions</Filter>
    </ClInclude>
    <ClInclude Include="ddraw\Versions\IDirectDrawSurface3.h">
      <Filter>ddraw\Versions</Filter>
    </ClInclude>
    <ClInclude Include="ddraw\Versions\IDirectDrawSurface4.h">
      <Filter>ddraw\Versions</Filter>
    </ClInclude>
    <ClInclude Include="ddraw\Versions\IDirectDrawSurface7.h">
      <Filter>ddraw\Versions</Filter>
    </ClInclude>
    <ClInclude Include="External\d3d8to9\source\d3d8to9.hpp">
      <Filter>External\d3d8to9</Filter>
    </ClInclude>
    <ClInclude Include="External\d3d8to9\source\d3d8types.hpp">
      <Filter>External\d3d8to9</Filter>
    </ClInclude>
    <ClInclude Include="External\d3d8to9\source\d3dx9.hpp">
      <Filter>External\d3d8to9</Filter>
    </ClInclude>
    <ClInclude Include="External\d3d8to9\source\lookup_table.hpp">
      <Filter>External\d3d8to9</Filter>
    </ClInclude>
    <ClInclude Include="Wrappers\d3d8to9.h">
      <Filter>Wrappers</Filter>
    </ClInclude>
  </ItemGroup>
  <ItemGroup>
    <ResourceCompile Include="Dllmain\BuildNo.rc">
      <Filter>Dllmain</Filter>
    </ResourceCompile>
    <ResourceCompile Include="Dllmain\dxwrapper.rc">
      <Filter>Dllmain</Filter>
    </ResourceCompile>
  </ItemGroup>
</Project>