<?xml version="1.0" encoding="utf-8"?>
<Project ToolsVersion="4.0" xmlns="http://schemas.microsoft.com/developer/msbuild/2003">
  <ItemGroup>
    <Filter Include="Source Files">
      <UniqueIdentifier>{4FC737F1-C7A5-4376-A066-2A32D752A2FF}</UniqueIdentifier>
      <Extensions>cpp;c;cc;cxx;def;odl;idl;hpj;bat;asm;asmx</Extensions>
    </Filter>
    <Filter Include="Header Files">
      <UniqueIdentifier>{93995380-89BD-4b04-88EB-625FBE52EBFB}</UniqueIdentifier>
      <Extensions>h;hh;hpp;hxx;hm;inl;inc;xsd</Extensions>
    </Filter>
    <Filter Include="Resource Files">
      <UniqueIdentifier>{67DA6AB6-F800-4c08-8B7A-83BB121AAD01}</UniqueIdentifier>
      <Extensions>rc;ico;cur;bmp;dlg;rc2;rct;bin;rgs;gif;jpg;jpeg;jpe;resx;tiff;tif;png;wav;mfcribbon-ms</Extensions>
    </Filter>
  </ItemGroup>
  <ItemGroup>
    <ClInclude Include="DDrawProcs.h">
      <Filter>Header Files</Filter>
    </ClInclude>
    <ClInclude Include="CompatDirectDraw.h">
      <Filter>Header Files</Filter>
    </ClInclude>
    <ClInclude Include="DDrawTypes.h">
      <Filter>Header Files</Filter>
    </ClInclude>
    <ClInclude Include="CompatDirectDrawSurface.h">
      <Filter>Header Files</Filter>
    </ClInclude>
    <ClInclude Include="DDrawVtableVisitor.h">
      <Filter>Header Files</Filter>
    </ClInclude>
    <ClInclude Include="CompatVtable.h">
      <Filter>Header Files</Filter>
    </ClInclude>
    <ClInclude Include="DDrawLog.h">
      <Filter>Header Files</Filter>
    </ClInclude>
    <ClInclude Include="DirectDrawSurfaceVtblVisitor.h">
      <Filter>Header Files</Filter>
    </ClInclude>
    <ClInclude Include="DirectDrawVtblVisitor.h">
      <Filter>Header Files</Filter>
    </ClInclude>
    <ClInclude Include="DirectDrawPaletteVtblVisitor.h">
      <Filter>Header Files</Filter>
    </ClInclude>
    <ClInclude Include="CompatDirectDrawPalette.h">
      <Filter>Header Files</Filter>
    </ClInclude>
    <ClInclude Include="RealPrimarySurface.h">
      <Filter>Header Files</Filter>
    </ClInclude>
    <ClInclude Include="CompatPrimarySurface.h">
      <Filter>Header Files</Filter>
    </ClInclude>
    <ClInclude Include="IReleaseNotifier.h">
      <Filter>Header Files</Filter>
    </ClInclude>
    <ClInclude Include="Config.h">
      <Filter>Header Files</Filter>
    </ClInclude>
    <ClInclude Include="DDrawScopedThreadLock.h">
      <Filter>Header Files</Filter>
    </ClInclude>
    <ClInclude Include="CompatGdiDcCache.h">
      <Filter>Header Files</Filter>
    </ClInclude>
    <ClInclude Include="CompatGdiFunctions.h">
      <Filter>Header Files</Filter>
    </ClInclude>
    <ClInclude Include="CompatGdiDc.h">
      <Filter>Header Files</Filter>
    </ClInclude>
    <ClInclude Include="CompatGdi.h">
      <Filter>Header Files</Filter>
    </ClInclude>
    <ClInclude Include="CompatGdiWinProc.h">
      <Filter>Header Files</Filter>
    </ClInclude>
    <ClInclude Include="CompatGdiCaret.h">
      <Filter>Header Files</Filter>
    </ClInclude>
  </ItemGroup>
  <ItemGroup>
    <ClCompile Include="DllMain.cpp">
      <Filter>Source Files</Filter>
    </ClCompile>
    <ClCompile Include="UnmodifiedDDrawProcs.cpp">
      <Filter>Source Files</Filter>
    </ClCompile>
    <ClCompile Include="DDrawProcs.cpp">
      <Filter>Source Files</Filter>
    </ClCompile>
    <ClCompile Include="DDrawLog.cpp">
      <Filter>Source Files</Filter>
    </ClCompile>
    <ClCompile Include="RealPrimarySurface.cpp">
      <Filter>Source Files</Filter>
    </ClCompile>
    <ClCompile Include="CompatPrimarySurface.cpp">
      <Filter>Source Files</Filter>
    </ClCompile>
    <ClCompile Include="IReleaseNotifier.cpp">
      <Filter>Source Files</Filter>
    </ClCompile>
    <ClCompile Include="CompatVtable.cpp">
      <Filter>Source Files</Filter>
    </ClCompile>
    <ClCompile Include="CompatDirectDraw.cpp">
      <Filter>Source Files</Filter>
    </ClCompile>
    <ClCompile Include="CompatDirectDrawSurface.cpp">
      <Filter>Source Files</Filter>
    </ClCompile>
    <ClCompile Include="CompatDirectDrawPalette.cpp">
      <Filter>Source Files</Filter>
    </ClCompile>
    <ClCompile Include="CompatGdiDcCache.cpp">
      <Filter>Source Files</Filter>
    </ClCompile>
    <ClCompile Include="CompatGdiFunctions.cpp">
      <Filter>Source Files</Filter>
    </ClCompile>
    <ClCompile Include="CompatGdiDc.cpp">
      <Filter>Source Files</Filter>
    </ClCompile>
    <ClCompile Include="CompatGdi.cpp">
      <Filter>Source Files</Filter>
    </ClCompile>
    <ClCompile Include="CompatGdiWinProc.cpp">
      <Filter>Source Files</Filter>
    </ClCompile>
    <ClCompile Include="CompatGdiCaret.cpp">
      <Filter>Source Files</Filter>
    </ClCompile>
  </ItemGroup>
  <ItemGroup>
    <None Include="DDrawCompat.def">
      <Filter>Source Files</Filter>
    </None>
  </ItemGroup>
</Project>