
Microsoft Visual Studio Solution File, Format Version 10.00
# Visual Studio 2008
Project("{8BC9CEB8-8B4A-11D0-8D11-00A0C91BC942}") = "ddraw", "ddraw.vcproj", "{579E7FE7-2745-4100-A802-23511711FCDE}"
EndProject
Global
	GlobalSection(SolutionConfigurationPlatforms) = preSolution
		Debug|Win32 = Debug|Win32
		Release|Win32 = Release|Win32
	EndGlobalSection
	GlobalSection(ProjectConfigurationPlatforms) = postSolution
		{579E7FE7-2745-4100-A802-23511711FCDE}.Debug|Win32.ActiveCfg = Debug|Win32
		{579E7FE7-2745-4100-A802-23511711FCDE}.Debug|Win32.Build.0 = Debug|Win32
		{579E7FE7-2745-4100-A802-23511711FCDE}.Release|Win32.ActiveCfg = Release|Win32
		{579E7FE7-2745-4100-A802-23511711FCDE}.Release|Win32.Build.0 = Release|Win32
	EndGlobalSection
	GlobalSection(SolutionProperties) = preSolution
		HideSolutionNode = FALSE
	EndGlobalSection
EndGlobal
